github.com/VictoriaMetrics/metrics v1.5.0 h1:WvQqPn+z9pR1U7J58CgaGiWrN8phNGSpr2xUSxJnfpE=
github.com/VictoriaMetrics/metrics v1.5.0/go.mod h1:QZAL5yLaXvhSPeib0ahluGo9VK0HXDZHovKaKlpuWvs=
github.com/golang/protobuf v1.2.0/go.mod h1:6lQm79b+lXiMfvg/cZm0SGofjICqVBUtrP5yJMmIC1U=
github.com/golang/protobuf v1.3.2 h1:6nsPYzhq5kReh6QImI3k5qWzO4PEbvbIW2cwSfR/6xs=
github.com/golang/protobuf v1.3.2/go.mod h1:6lQm79b+lXiMfvg/cZm0SGofjICqVBUtrP5yJMmIC1U=
github.com/golang/snappy v0.0.1/go.mod h1:/XxbfmMg8lxefKM7IXC3fBNl/7bRcc72aCRzEWrmP2Q=
github.com/lni/dragonboat/v3 v3.1.0 h1:Hx/i7unEbt0dD1HBINkIsp+3IuFmJ34Ih3VkTxWTMN4=
github.com/lni/dragonboat/v3 v3.1.0/go.mod h1:EQ/59ROPqeDktEFaZcz0lXSSnM74Yj7r92X8oHsZKSQ=
github.com/lni/goutils v1.0.1 h1:b0RTWAg84viMYUy9zJZGATzyXZlCLra3HqMgzydCx8I=
github.com/lni/goutils v1.0.1/go.mod h1:f2YgTtVeGFUdJrZJmtf0S05qYvSZXdmBxa5Z8nhBU/Q=
github.com/valyala/fastrand v1.0.0 h1:LUKT9aKer2dVQNUi3waewTbKV+7H17kvWFNKs2ObdkI=
github.com/valyala/fastrand v1.0.0/go.mod h1:HWqCzkrkg6QXT8V2EXWvXCoow7vLwOFN002oeRzjapQ=
github.com/valyala/histogram v1.0.1 h1:FzA7n2Tz/wKRMejgu3PV1vw3htAklTjjuoI6z3d4KDg=
github.com/valyala/histogram v1.0.1/go.mod h1:lQy0xA4wUz2+IUnf97SivorsJIp8FxsnRd6x25q7Mto=
